
Microsoft Visual Studio Solution File, Format Version 12.00
# Visual Studio 2012
# SharpDevelop 4.4
VisualStudioVersion = 14.0.24720.0
MinimumVisualStudioVersion = 10.0.40219.1
Project("{2150E333-8FDC-42A3-9474-1A3956D46DE8}") = "Tests", "Tests", "{AEC42C0B-ABC7-43A2-A73F-6EE9951293CD}"
	ProjectSection(SolutionItems) = postProject
	EndProjectSection
EndProject
Project("{FAE04EC0-301F-11D3-BF4B-00C04F79EFBC}") = "Mapper", "Mapper\Mapper.csproj", "{1E894661-2A35-4898-A998-6DD9FF8B4E13}"
EndProject
Project("{FAE04EC0-301F-11D3-BF4B-00C04F79EFBC}") = "MapperConsole", "MapperConsole\MapperConsole.csproj", "{2996549C-0FBC-457D-B062-D240357831A2}"
EndProject
Project("{FAE04EC0-301F-11D3-BF4B-00C04F79EFBC}") = "MapperWPF", "MapperWPF\MapperWPF.csproj", "{718A9745-DFD8-4F4E-929A-595CFAB15167}"
EndProject
Global
	GlobalSection(SolutionConfigurationPlatforms) = preSolution
		Debug|Any CPU = Debug|Any CPU
		Release|Any CPU = Release|Any CPU
	EndGlobalSection
	GlobalSection(ProjectConfigurationPlatforms) = postSolution
		{1E894661-2A35-4898-A998-6DD9FF8B4E13}.Debug|Any CPU.ActiveCfg = Debug|Any CPU
		{1E894661-2A35-4898-A998-6DD9FF8B4E13}.Debug|Any CPU.Build.0 = Debug|Any CPU
		{1E894661-2A35-4898-A998-6DD9FF8B4E13}.Release|Any CPU.ActiveCfg = Release|Any CPU
		{1E894661-2A35-4898-A998-6DD9FF8B4E13}.Release|Any CPU.Build.0 = Release|Any CPU
		{2996549C-0FBC-457D-B062-D240357831A2}.Debug|Any CPU.ActiveCfg = Debug|Any CPU
		{2996549C-0FBC-457D-B062-D240357831A2}.Debug|Any CPU.Build.0 = Debug|Any CPU
		{2996549C-0FBC-457D-B062-D240357831A2}.Release|Any CPU.ActiveCfg = Release|Any CPU
		{2996549C-0FBC-457D-B062-D240357831A2}.Release|Any CPU.Build.0 = Release|Any CPU
		{718A9745-DFD8-4F4E-929A-595CFAB15167}.Debug|Any CPU.ActiveCfg = Debug|Any CPU
		{718A9745-DFD8-4F4E-929A-595CFAB15167}.Debug|Any CPU.Build.0 = Debug|Any CPU
		{718A9745-DFD8-4F4E-929A-595CFAB15167}.Release|Any CPU.ActiveCfg = Release|Any CPU
		{718A9745-DFD8-4F4E-929A-595CFAB15167}.Release|Any CPU.Build.0 = Release|Any CPU
	EndGlobalSection
	GlobalSection(SolutionProperties) = preSolution
		HideSolutionNode = FALSE
	EndGlobalSection
EndGlobal
